
Microsoft Visual Studio Solution File, Format Version 12.00
# Visual Studio Version 17
VisualStudioVersion = 17.1.32328.378
MinimumVisualStudioVersion = 10.0.40219.1
Project("{FAE04EC0-301F-11D3-BF4B-00C04F79EFBC}") = "LeaveManagement.Web", "LeaveManagement.Web\LeaveManagement.Web.csproj", "{3B23D7D1-61BF-44DC-A6DC-033BF6B768D9}"
EndProject
Global
	GlobalSection(SolutionConfigurationPlatforms) = preSolution
		Debug|Any CPU = Debug|Any CPU
		Release|Any CPU = Release|Any CPU
	EndGlobalSection
	GlobalSection(ProjectConfigurationPlatforms) = postSolution
		{3B23D7D1-61BF-44DC-A6DC-033BF6B768D9}.Debug|Any CPU.ActiveCfg = Debug|Any CPU
		{3B23D7D1-61BF-44DC-A6DC-033BF6B768D9}.Debug|Any CPU.Build.0 = Debug|Any CPU
		{3B23D7D1-61BF-44DC-A6DC-033BF6B768D9}.Release|Any CPU.ActiveCfg = Release|Any CPU
		{3B23D7D1-61BF-44DC-A6DC-033BF6B768D9}.Release|Any CPU.Build.0 = Release|Any CPU
	EndGlobalSection
	GlobalSection(SolutionProperties) = preSolution
		HideSolutionNode = FALSE
	EndGlobalSection
	GlobalSection(ExtensibilityGlobals) = postSolution
		SolutionGuid = {AEFCAF26-B248-46DE-BE9E-716A1EEA1206}
	EndGlobalSection
EndGlobal
